{
  "version": 2,
  "dependencies": {
    "net10.0": {
      "AsyncFixer": {
        "type": "Direct",
        "requested": "[2.1.0, )",
        "resolved": "2.1.0",
        "contentHash": "OOHNlH7GF39qk0Pv4cIQWA99hUh3nujDgGE2nADPpw88lD7s2qwlxEhuJIBfstC8ng3B1yY6SQy2JW/tddlMAQ=="
      },
      "AwesomeAssertions": {
        "type": "Direct",
        "requested": "[9.4.0, )",
        "resolved": "9.4.0",
        "contentHash": "dJxkWiQ8D+xT6Gr2sSL83+Mar+Vpy2JTcUPxFcckpPJ8VYBfSgnk+zqpS6t7kcGnjz8NLyF14qfuoL4bKzzoew=="
      },
      "coverlet.collector": {
        "type": "Direct",
        "requested": "[8.0.0, )",
        "resolved": "8.0.0",
        "contentHash": "EMkj/2F6n6IVPrvGYkqzGJs6phuGGkq6N+E7KW9rNyzNxXbwQ1KfMqWyXNf9nCNEQOA6IjFwmOLvkriwKE7Orw=="
      },
      "DotNet.ReproducibleBuilds": {
        "type": "Direct",
        "requested": "[2.0.2, )",
        "resolved": "2.0.2",
        "contentHash": "VaHoEN6YHp0jXucxm67vfuRy8zo9ufiKSuaZ4ZudRi8xmWcEFMKxfCsg2nvYNvdISFTURDu+IHqADGh53+Bamw=="
      },
      "DotNetProjectFile.Analyzers": {
        "type": "Direct",
        "requested": "[1.9.0, )",
        "resolved": "1.9.0",
        "contentHash": "DdQiI4C+Z26EUPxIG9BYoBNDTUDiuX23F+LeC6HOsgaUApQsQr/xKtx7PSRCBpc4GT1wNiTNPYE7WOxbGnvUdw=="
      },
      "Microsoft.CodeAnalysis.Analyzers": {
        "type": "Direct",
        "requested": "[5.3.0, )",
        "resolved": "5.3.0",
        "contentHash": "KuLhbZwB0L8JikL86AE5VWEp3RLNjIcp+j8yz9EJ/UBgRz4+qDEjHg/tluRFbpYpD/e37BqaaNFbQ0vqawBwWQ=="
      },
      "Microsoft.CodeAnalysis.NetAnalyzers": {
        "type": "Direct",
        "requested": "[10.0.200, )",
        "resolved": "10.0.200",
        "contentHash": "XX6Ks670PQRtJgLQKa+WSC9c0ll4bZJgGa/J/3KPfnjieHLamMA/1qJov+WcD/4cfQA4fHjAebCcGGei4ibSbA=="
      },
      "Microsoft.NET.Test.Sdk": {
        "type": "Direct",
        "requested": "[18.3.0, )",
        "resolved": "18.3.0",
        "contentHash": "xW3kXuWRQtgoxJp4J+gdhHSQyK+6Wb/AZDSd7lMvuMRYlZ1tnpkojyfZlWilB5G4dmZ0Y0ZxU/M23TlubndNkw==",
        "dependencies": {
          "Microsoft.CodeCoverage": "18.3.0",
          "Microsoft.TestPlatform.TestHost": "18.3.0"
        }
      },
      "NUnit": {
        "type": "Direct",
        "requested": "[4.5.1, )",
        "resolved": "4.5.1",
        "contentHash": "x1sIqU9i0IkxqFayqthzmJs/75jTMbrfNMixj4vtfTi7rRzGbtuY27V+iAhfTY02u5k2qvW3QBGM414OG4q8Lw=="
      },
      "NUnit3TestAdapter": {
        "type": "Direct",
        "requested": "[6.1.0, )",
        "resolved": "6.1.0",
        "contentHash": "H4zRIkiGyPa7RpApzXwan5vpZzu4ZDIzuKNlHFiDjOt5Irq4Y5j8r1SA7Oeo0yFCUyfiY7Jy2DTl8RnFZwpKNA==",
        "dependencies": {
          "Microsoft.Testing.Extensions.VSTestBridge": "2.0.2",
          "Microsoft.Testing.Platform.MSBuild": "2.0.2"
        }
      },
      "PolySharp": {
        "type": "Direct",
        "requested": "[1.15.0, )",
        "resolved": "1.15.0",
        "contentHash": "FbU0El+EEjdpuIX4iDbeS7ki1uzpJPx8vbqOzEtqnl1GZeAGJfq+jCbxeJL2y0EPnUNk8dRnnqR2xnYXg9Tf+g=="
      },
      "Qowaiv.CodeGeneration.SingleValueObjects": {
        "type": "Direct",
        "requested": "[1.1.5, )",
        "resolved": "1.1.5",
        "contentHash": "ASBWAoAuOIwJ/Ln/PA8ntaxdywLKMqUCbU4oeDHVhWTyyDklhNgPj5bYGiOfWJbQJZuEkB6hwvUKbFiW1x/c1w=="
      },
      "Qowaiv.Diagnostics.Contracts": {
        "type": "Direct",
        "requested": "[2.0.6, )",
        "resolved": "2.0.6",
        "contentHash": "baPTMJTai/ePdLJhdUEZ4uwtLIavyEBWEOBYazoPtl3bySy+jNa29YbCEpzIp5zaAUwpsXVCzBdR+95eh7Os6A=="
      },
      "Qowaiv.Validation.TestTools": {
        "type": "Direct",
        "requested": "[3.0.0, )",
        "resolved": "3.0.0",
        "contentHash": "XZ9Asay51xH3hY6FA31hzDSQ0xNi/8H8HvubifVrXhs5ccWxMjnLHjAaEMTaiCZtpUqgx1nbQrjcnVwkxwQfNg==",
        "dependencies": {
          "FluentValidation": "12.1.1",
          "Qowaiv": "7.4.7",
          "Qowaiv.Validation.Abstractions": "2.0.0",
          "Qowaiv.Validation.DataAnnotations": "5.0.0",
          "Qowaiv.Validation.Fluent": "3.0.0",
          "System.ComponentModel.Annotations": "5.0.0"
        }
      },
      "SonarAnalyzer.CSharp": {
        "type": "Direct",
        "requested": "[10.20.0.135146, )",
        "resolved": "10.20.0.135146",
        "contentHash": "Dx+sh/lhhJrG4Sr5W+bCDr/JKhY1Op6UaIoG5UrDVIyryC7rZtqO4Q4adzvm3IqAhFGHY7oYuaSjtR46hIv8qQ=="
      },
      "FluentValidation": {
        "type": "Transitive",
        "resolved": "12.1.1",
        "contentHash": "EPpkIe1yh1a0OXyC100oOA8WMbZvqUu5plwhvYcb7oSELfyUZzfxV48BLhvs3kKo4NwG7MGLNgy1RJiYtT8Dpw=="
      },
      "Microsoft.ApplicationInsights": {
        "type": "Transitive",
        "resolved": "2.23.0",
        "contentHash": "nWArUZTdU7iqZLycLKWe0TDms48KKGE6pONH2terYNa8REXiqixrMOkf1sk5DHGMaUTqONU2YkS4SAXBhLStgw=="
      },
      "Microsoft.CodeCoverage": {
        "type": "Transitive",
        "resolved": "18.3.0",
        "contentHash": "23BNy/vziREC20Wwhb50K7+kZe0m07KlLWDQv4qjJ9tt3QjpDpDIqJFrhYHmMEo9xDkuSp55U/8h4bMF7MiB+g=="
      },
      "Microsoft.Testing.Extensions.Telemetry": {
        "type": "Transitive",
        "resolved": "2.0.2",
        "contentHash": "H580BvHyuADoWzlH9zRk5fqVyGucm6mhph+k40CQc9O4ie+Buxa4Pk9Q92BEClqIICqi25J7fuMII9qFYYgKtw==",
        "dependencies": {
          "Microsoft.ApplicationInsights": "2.23.0",
          "Microsoft.Testing.Platform": "2.0.2"
        }
      },
      "Microsoft.Testing.Extensions.TrxReport.Abstractions": {
        "type": "Transitive",
        "resolved": "2.0.2",
        "contentHash": "MrHYdPZ1CiyYp5bfjzNSghfVwl/I9osMazcZMAbwZY0BhR32i70YLf4zSXECvU2qt2PvDdrjYpGRgBscFbjDpw==",
        "dependencies": {
          "Microsoft.Testing.Platform": "2.0.2"
        }
      },
      "Microsoft.Testing.Extensions.VSTestBridge": {
        "type": "Transitive",
        "resolved": "2.0.2",
        "contentHash": "6WSUZyv71NmF1bhFWpNht2bskVWL/5Lcu9qxDUnnboYRiujh9w4swn/cPSbVCSGXwyMq9uKRlI9zZ+ReBO8e+Q==",
        "dependencies": {
          "Microsoft.TestPlatform.AdapterUtilities": "18.0.1",
          "Microsoft.TestPlatform.ObjectModel": "18.0.1",
          "Microsoft.Testing.Extensions.Telemetry": "2.0.2",
          "Microsoft.Testing.Extensions.TrxReport.Abstractions": "2.0.2",
          "Microsoft.Testing.Platform": "2.0.2"
        }
      },
      "Microsoft.Testing.Platform": {
        "type": "Transitive",
        "resolved": "2.0.2",
        "contentHash": "43NCOTEENtdc9fmlzX9KHQR14AZEYek5r4jOJlWPhTyV1+aYAQYl4x773nYXU5TKxV6+rMuniJ7wcj9C9qrP1A=="
      },
      "Microsoft.Testing.Platform.MSBuild": {
        "type": "Transitive",
        "resolved": "2.0.2",
        "contentHash": "2zKkQKaUoaKgb/3AekboWOdLMh4upCo1nLWQnjGzp8r9YjiNOZRrzTsJQ3A4U03AcbH0evlIvFDKYSUqmTVuug==",
        "dependencies": {
          "Microsoft.Testing.Platform": "2.0.2"
        }
      },
      "Microsoft.TestPlatform.AdapterUtilities": {
        "type": "Transitive",
        "resolved": "18.0.1",
        "contentHash": "gXIugDKnACB8p93+9dFnMdE7vvs0ZrjjDltdGC4VylbKK7gPegWYASGjryVkIDvFr56Ulx4UDIKsB71qYHJBWg=="
      },
      "Microsoft.TestPlatform.ObjectModel": {
        "type": "Transitive",
        "resolved": "18.3.0",
        "contentHash": "AEIEX2aWdPO9XbtR96eBaJxmXRD9vaI9uQ1T/JbPEKlTAZwYx0ZrMzKyULMdh/HH9Sg03kXCoN7LszQ90o6nPQ=="
      },
      "Microsoft.TestPlatform.TestHost": {
        "type": "Transitive",
        "resolved": "18.3.0",
        "contentHash": "twmsoelXnp1uWMU3VGip9f0Jr1mZ0PZqgJdF35CIrdYgYrkHIJMV1m8uKyhcdjLdsQDESHAgkR7KhS9i1qpJag==",
        "dependencies": {
          "Microsoft.TestPlatform.ObjectModel": "18.3.0",
          "Newtonsoft.Json": "13.0.3"
        }
      },
      "Newtonsoft.Json": {
        "type": "Transitive",
        "resolved": "13.0.3",
        "contentHash": "HrC5BXdl00IP9zeV+0Z848QWPAoCr9P3bDEZguI+gkLcBKAOxix/tLEAAHC+UvDNPv4a2d18lOReHMOagPa+zQ=="
      },
      "Qowaiv.Validation.DataAnnotations": {
        "type": "Transitive",
        "resolved": "5.0.0",
        "contentHash": "TeaszBSx4QdZCr2UkCasShXJ5mMcIfUFrxUdCq2YT7r4bvWy5182yKRBbUTngp9UDLwrPtXT8uxw6jLIQpae8Q==",
        "dependencies": {
          "Qowaiv": "7.4.7",
          "Qowaiv.Validation.Abstractions": "2.0.0",
          "System.ComponentModel.Annotations": "5.0.0"
        }
      },
      "System.ComponentModel.Annotations": {
        "type": "Transitive",
        "resolved": "5.0.0",
        "contentHash": "dMkqfy2el8A8/I76n2Hi1oBFEbG1SfxD2l5nhwXV3XjlnOmwxJlQbYpJH4W51odnU9sARCSAgv7S3CyAFMkpYg=="
      },
      "conquerclub.domain": {
        "type": "Project",
        "dependencies": {
          "MathNet.Numerics.Signed": "[5.0.0, )",
          "Qowaiv": "[8.0.0, )",
          "Qowaiv.DomainModel": "[3.0.0, )",
          "Qowaiv.Validation.Fluent": "[3.0.0, )",
          "Qowaiv.Validation.Messages": "[2.0.0, )"
        }
      },
      "qowaiv.domainmodel": {
        "type": "Project",
        "dependencies": {
          "Qowaiv.Validation.Abstractions": "[2.0.0, )",
          "Qowaiv.Validation.Guarding": "[2.0.0, )"
        }
      },
      "qowaiv.domainmodel.testtools": {
        "type": "Project",
        "dependencies": {
          "AwesomeAssertions": "[9.4.0, )",
          "Qowaiv.DomainModel": "[3.0.0, )"
        }
      },
      "MathNet.Numerics.Signed": {
        "type": "CentralTransitive",
        "requested": "[5.0.0, )",
        "resolved": "5.0.0",
        "contentHash": "PSrHBVMf41SjbhlnpOMnoir8YgkyEJ6/nwxvjYpH+vJCexNcx2ms6zRww5yLVqLet1xLJgZ39swtKRTLhWdnAw=="
      },
      "Qowaiv": {
        "type": "CentralTransitive",
        "requested": "[8.0.0, )",
        "resolved": "8.0.0",
        "contentHash": "b3h631xprvOJGqUqdRPrDb4yyd3u/WZKPmrn5nrt/pjI7M0CV7K2Hkr668Kh2pOmNHM+RNm0umA6yqkxd7WV9g=="
      },
      "Qowaiv.Validation.Abstractions": {
        "type": "CentralTransitive",
        "requested": "[2.0.0, )",
        "resolved": "2.0.0",
        "contentHash": "bE+EeUnTun865RURO9dXOTi7yghYcMQEWUXgUE8oa1B2nF1wU264FzxSoWaiIiS5Hi4sUa3Ex0BSkHXPnPCHIQ=="
      },
      "Qowaiv.Validation.Fluent": {
        "type": "CentralTransitive",
        "requested": "[3.0.0, )",
        "resolved": "3.0.0",
        "contentHash": "1FybPA064th3+8j5jl+s7rAUH+/kZX8f1Bj/pA8LHo9UWkR3wS03xeOdz48unhMlHOgTCxqbO0LgqQT8WB+rFQ==",
        "dependencies": {
          "FluentValidation": "12.1.1",
          "Qowaiv": "7.4.7",
          "Qowaiv.Validation.Abstractions": "2.0.0"
        }
      },
      "Qowaiv.Validation.Guarding": {
        "type": "CentralTransitive",
        "requested": "[2.0.0, )",
        "resolved": "2.0.0",
        "contentHash": "t82Kpu+TjrqOh+1yG9hsFfl3a2cnpL6ygy+wlJJIFJ2GZQTAWkwJxFIVwPLB7AWYUqqxqRVgGw4sgiDTevO96g==",
        "dependencies": {
          "Qowaiv.Validation.Abstractions": "2.0.0",
          "Qowaiv.Validation.Messages": "2.0.0"
        }
      },
      "Qowaiv.Validation.Messages": {
        "type": "CentralTransitive",
        "requested": "[2.0.0, )",
        "resolved": "2.0.0",
        "contentHash": "x5tYzhg9b/HpKrtd2x41KoEGWB0DXqCEo10ACoWO2yEbP2Ri++2eXN0KF/2WGDDJ62/vZjVkH4TxziFTdwSF7Q==",
        "dependencies": {
          "Qowaiv.Validation.Abstractions": "2.0.0"
        }
      }
    }
  }
}