{
  "version": 2,
  "dependencies": {
    "net10.0": {
      "AsyncFixer": {
        "type": "Direct",
        "requested": "[2.1.0, )",
        "resolved": "2.1.0",
        "contentHash": "OOHNlH7GF39qk0Pv4cIQWA99hUh3nujDgGE2nADPpw88lD7s2qwlxEhuJIBfstC8ng3B1yY6SQy2JW/tddlMAQ=="
      },
      "DotNet.ReproducibleBuilds": {
        "type": "Direct",
        "requested": "[2.0.2, )",
        "resolved": "2.0.2",
        "contentHash": "VaHoEN6YHp0jXucxm67vfuRy8zo9ufiKSuaZ4ZudRi8xmWcEFMKxfCsg2nvYNvdISFTURDu+IHqADGh53+Bamw=="
      },
      "DotNetProjectFile.Analyzers": {
        "type": "Direct",
        "requested": "[1.9.0, )",
        "resolved": "1.9.0",
        "contentHash": "DdQiI4C+Z26EUPxIG9BYoBNDTUDiuX23F+LeC6HOsgaUApQsQr/xKtx7PSRCBpc4GT1wNiTNPYE7WOxbGnvUdw=="
      },
      "MathNet.Numerics.Signed": {
        "type": "Direct",
        "requested": "[5.0.0, )",
        "resolved": "5.0.0",
        "contentHash": "PSrHBVMf41SjbhlnpOMnoir8YgkyEJ6/nwxvjYpH+vJCexNcx2ms6zRww5yLVqLet1xLJgZ39swtKRTLhWdnAw=="
      },
      "Microsoft.CodeAnalysis.Analyzers": {
        "type": "Direct",
        "requested": "[5.3.0, )",
        "resolved": "5.3.0",
        "contentHash": "KuLhbZwB0L8JikL86AE5VWEp3RLNjIcp+j8yz9EJ/UBgRz4+qDEjHg/tluRFbpYpD/e37BqaaNFbQ0vqawBwWQ=="
      },
      "Microsoft.CodeAnalysis.NetAnalyzers": {
        "type": "Direct",
        "requested": "[10.0.200, )",
        "resolved": "10.0.200",
        "contentHash": "XX6Ks670PQRtJgLQKa+WSC9c0ll4bZJgGa/J/3KPfnjieHLamMA/1qJov+WcD/4cfQA4fHjAebCcGGei4ibSbA=="
      },
      "PolySharp": {
        "type": "Direct",
        "requested": "[1.15.0, )",
        "resolved": "1.15.0",
        "contentHash": "FbU0El+EEjdpuIX4iDbeS7ki1uzpJPx8vbqOzEtqnl1GZeAGJfq+jCbxeJL2y0EPnUNk8dRnnqR2xnYXg9Tf+g=="
      },
      "Qowaiv": {
        "type": "Direct",
        "requested": "[8.0.0, )",
        "resolved": "8.0.0",
        "contentHash": "b3h631xprvOJGqUqdRPrDb4yyd3u/WZKPmrn5nrt/pjI7M0CV7K2Hkr668Kh2pOmNHM+RNm0umA6yqkxd7WV9g=="
      },
      "Qowaiv.CodeGeneration.SingleValueObjects": {
        "type": "Direct",
        "requested": "[1.1.5, )",
        "resolved": "1.1.5",
        "contentHash": "ASBWAoAuOIwJ/Ln/PA8ntaxdywLKMqUCbU4oeDHVhWTyyDklhNgPj5bYGiOfWJbQJZuEkB6hwvUKbFiW1x/c1w=="
      },
      "Qowaiv.Diagnostics.Contracts": {
        "type": "Direct",
        "requested": "[2.0.6, )",
        "resolved": "2.0.6",
        "contentHash": "baPTMJTai/ePdLJhdUEZ4uwtLIavyEBWEOBYazoPtl3bySy+jNa29YbCEpzIp5zaAUwpsXVCzBdR+95eh7Os6A=="
      },
      "Qowaiv.Validation.Fluent": {
        "type": "Direct",
        "requested": "[3.0.0, )",
        "resolved": "3.0.0",
        "contentHash": "1FybPA064th3+8j5jl+s7rAUH+/kZX8f1Bj/pA8LHo9UWkR3wS03xeOdz48unhMlHOgTCxqbO0LgqQT8WB+rFQ==",
        "dependencies": {
          "FluentValidation": "12.1.1",
          "Qowaiv": "7.4.7",
          "Qowaiv.Validation.Abstractions": "2.0.0"
        }
      },
      "Qowaiv.Validation.Messages": {
        "type": "Direct",
        "requested": "[2.0.0, )",
        "resolved": "2.0.0",
        "contentHash": "x5tYzhg9b/HpKrtd2x41KoEGWB0DXqCEo10ACoWO2yEbP2Ri++2eXN0KF/2WGDDJ62/vZjVkH4TxziFTdwSF7Q==",
        "dependencies": {
          "Qowaiv.Validation.Abstractions": "2.0.0"
        }
      },
      "SonarAnalyzer.CSharp": {
        "type": "Direct",
        "requested": "[10.20.0.135146, )",
        "resolved": "10.20.0.135146",
        "contentHash": "Dx+sh/lhhJrG4Sr5W+bCDr/JKhY1Op6UaIoG5UrDVIyryC7rZtqO4Q4adzvm3IqAhFGHY7oYuaSjtR46hIv8qQ=="
      },
      "FluentValidation": {
        "type": "Transitive",
        "resolved": "12.1.1",
        "contentHash": "EPpkIe1yh1a0OXyC100oOA8WMbZvqUu5plwhvYcb7oSELfyUZzfxV48BLhvs3kKo4NwG7MGLNgy1RJiYtT8Dpw=="
      },
      "qowaiv.domainmodel": {
        "type": "Project",
        "dependencies": {
          "Qowaiv.Validation.Abstractions": "[2.0.0, )",
          "Qowaiv.Validation.Guarding": "[2.0.0, )"
        }
      },
      "Qowaiv.Validation.Abstractions": {
        "type": "CentralTransitive",
        "requested": "[2.0.0, )",
        "resolved": "2.0.0",
        "contentHash": "bE+EeUnTun865RURO9dXOTi7yghYcMQEWUXgUE8oa1B2nF1wU264FzxSoWaiIiS5Hi4sUa3Ex0BSkHXPnPCHIQ=="
      },
      "Qowaiv.Validation.Guarding": {
        "type": "CentralTransitive",
        "requested": "[2.0.0, )",
        "resolved": "2.0.0",
        "contentHash": "t82Kpu+TjrqOh+1yG9hsFfl3a2cnpL6ygy+wlJJIFJ2GZQTAWkwJxFIVwPLB7AWYUqqxqRVgGw4sgiDTevO96g==",
        "dependencies": {
          "Qowaiv.Validation.Abstractions": "2.0.0",
          "Qowaiv.Validation.Messages": "2.0.0"
        }
      }
    }
  }
}